
Microsoft Visual Studio Solution File, Format Version 12.00
# Visual Studio 2013
VisualStudioVersion = 12.0.30501.0
MinimumVisualStudioVersion = 10.0.40219.1
Project("{FAE04EC0-301F-11D3-BF4B-00C04F79EFBC}") = "ubl.net", "ubl.net\ubl.net.csproj", "{11A6874F-065E-4F74-ACC4-7773FFAE4266}"
EndProject
Project("{FAE04EC0-301F-11D3-BF4B-00C04F79EFBC}") = "ubl.net.test", "ubl.net.test\ubl.net.test.csproj", "{1E4F155F-B2F3-4B68-8169-4EA8963AB8EF}"
EndProject
Project("{2150E333-8FDC-42A3-9474-1A3956D46DE8}") = ".nuget", ".nuget", "{0D5E79AF-AAE4-47EC-985D-174360C49243}"
	ProjectSection(SolutionItems) = preProject
		.nuget\packages.config = .nuget\packages.config
	EndProjectSection
EndProject
Project("{FAE04EC0-301F-11D3-BF4B-00C04F79EFBC}") = "TestDeserialize", "TestDeserialize\TestDeserialize.csproj", "{C68F4B11-3C97-4818-9236-D0A405255733}"
EndProject
Project("{2150E333-8FDC-42A3-9474-1A3956D46DE8}") = "Solution Items", "Solution Items", "{9BBFDD55-DB2B-4A13-8F6E-866499D16F88}"
	ProjectSection(SolutionItems) = preProject
		WebEssentials-Settings.json = WebEssentials-Settings.json
	EndProjectSection
EndProject
Global
	GlobalSection(SolutionConfigurationPlatforms) = preSolution
		Debug|Any CPU = Debug|Any CPU
		Release|Any CPU = Release|Any CPU
	EndGlobalSection
	GlobalSection(ProjectConfigurationPlatforms) = postSolution
		{11A6874F-065E-4F74-ACC4-7773FFAE4266}.Debug|Any CPU.ActiveCfg = Debug|Any CPU
		{11A6874F-065E-4F74-ACC4-7773FFAE4266}.Debug|Any CPU.Build.0 = Debug|Any CPU
		{11A6874F-065E-4F74-ACC4-7773FFAE4266}.Release|Any CPU.ActiveCfg = Release|Any CPU
		{11A6874F-065E-4F74-ACC4-7773FFAE4266}.Release|Any CPU.Build.0 = Release|Any CPU
		{1E4F155F-B2F3-4B68-8169-4EA8963AB8EF}.Debug|Any CPU.ActiveCfg = Debug|Any CPU
		{1E4F155F-B2F3-4B68-8169-4EA8963AB8EF}.Debug|Any CPU.Build.0 = Debug|Any CPU
		{1E4F155F-B2F3-4B68-8169-4EA8963AB8EF}.Release|Any CPU.ActiveCfg = Release|Any CPU
		{1E4F155F-B2F3-4B68-8169-4EA8963AB8EF}.Release|Any CPU.Build.0 = Release|Any CPU
		{C68F4B11-3C97-4818-9236-D0A405255733}.Debug|Any CPU.ActiveCfg = Debug|Any CPU
		{C68F4B11-3C97-4818-9236-D0A405255733}.Debug|Any CPU.Build.0 = Debug|Any CPU
		{C68F4B11-3C97-4818-9236-D0A405255733}.Release|Any CPU.ActiveCfg = Release|Any CPU
		{C68F4B11-3C97-4818-9236-D0A405255733}.Release|Any CPU.Build.0 = Release|Any CPU
	EndGlobalSection
	GlobalSection(SolutionProperties) = preSolution
		HideSolutionNode = FALSE
	EndGlobalSection
EndGlobal
